
Microsoft Visual Studio Solution File, Format Version 12.00
# Visual Studio 14
VisualStudioVersion = 14.0.23107.0
MinimumVisualStudioVersion = 10.0.40219.1
Project("{FAE04EC0-301F-11D3-BF4B-00C04F79EFBC}") = "Facebook.Client-UWA", "Facebook.Client-UWA\Facebook.Client-UWA.csproj", "{0DF5EA97-4F29-4748-B928-010CF83C606D}"
EndProject
Project("{FAE04EC0-301F-11D3-BF4B-00C04F79EFBC}") = "BasicApp-Win10", "..\Samples\BasicApp-Win10\BasicApp-Win10.csproj", "{3DBE29C5-8DCB-4AF2-B239-95ED21D6E5F1}"
EndProject
Global
	GlobalSection(SolutionConfigurationPlatforms) = preSolution
		Debug|Any CPU = Debug|Any CPU
		Debug|ARM = Debug|ARM
		Debug|x64 = Debug|x64
		Debug|x86 = Debug|x86
		Release|Any CPU = Release|Any CPU
		Release|ARM = Release|ARM
		Release|x64 = Release|x64
		Release|x86 = Release|x86
	EndGlobalSection
	GlobalSection(ProjectConfigurationPlatforms) = postSolution
		{0DF5EA97-4F29-4748-B928-010CF83C606D}.Debug|Any CPU.ActiveCfg = Debug|Any CPU
		{0DF5EA97-4F29-4748-B928-010CF83C606D}.Debug|Any CPU.Build.0 = Debug|Any CPU
		{0DF5EA97-4F29-4748-B928-010CF83C606D}.Debug|ARM.ActiveCfg = Debug|ARM
		{0DF5EA97-4F29-4748-B928-010CF83C606D}.Debug|ARM.Build.0 = Debug|ARM
		{0DF5EA97-4F29-4748-B928-010CF83C606D}.Debug|x64.ActiveCfg = Debug|x64
		{0DF5EA97-4F29-4748-B928-010CF83C606D}.Debug|x64.Build.0 = Debug|x64
		{0DF5EA97-4F29-4748-B928-010CF83C606D}.Debug|x86.ActiveCfg = Debug|x86
		{0DF5EA97-4F29-4748-B928-010CF83C606D}.Debug|x86.Build.0 = Debug|x86
		{0DF5EA97-4F29-4748-B928-010CF83C606D}.Release|Any CPU.ActiveCfg = Release|Any CPU
		{0DF5EA97-4F29-4748-B928-010CF83C606D}.Release|Any CPU.Build.0 = Release|Any CPU
		{0DF5EA97-4F29-4748-B928-010CF83C606D}.Release|ARM.ActiveCfg = Release|ARM
		{0DF5EA97-4F29-4748-B928-010CF83C606D}.Release|ARM.Build.0 = Release|ARM
		{0DF5EA97-4F29-4748-B928-010CF83C606D}.Release|x64.ActiveCfg = Release|x64
		{0DF5EA97-4F29-4748-B928-010CF83C606D}.Release|x64.Build.0 = Release|x64
		{0DF5EA97-4F29-4748-B928-010CF83C606D}.Release|x86.ActiveCfg = Release|x86
		{0DF5EA97-4F29-4748-B928-010CF83C606D}.Release|x86.Build.0 = Release|x86
		{3DBE29C5-8DCB-4AF2-B239-95ED21D6E5F1}.Debug|Any CPU.ActiveCfg = Debug|x86
		{3DBE29C5-8DCB-4AF2-B239-95ED21D6E5F1}.Debug|Any CPU.Build.0 = Debug|x86
		{3DBE29C5-8DCB-4AF2-B239-95ED21D6E5F1}.Debug|Any CPU.Deploy.0 = Debug|x86
		{3DBE29C5-8DCB-4AF2-B239-95ED21D6E5F1}.Debug|ARM.ActiveCfg = Debug|ARM
		{3DBE29C5-8DCB-4AF2-B239-95ED21D6E5F1}.Debug|ARM.Build.0 = Debug|ARM
		{3DBE29C5-8DCB-4AF2-B239-95ED21D6E5F1}.Debug|ARM.Deploy.0 = Debug|ARM
		{3DBE29C5-8DCB-4AF2-B239-95ED21D6E5F1}.Debug|x64.ActiveCfg = Debug|x64
		{3DBE29C5-8DCB-4AF2-B239-95ED21D6E5F1}.Debug|x64.Build.0 = Debug|x64
		{3DBE29C5-8DCB-4AF2-B239-95ED21D6E5F1}.Debug|x64.Deploy.0 = Debug|x64
		{3DBE29C5-8DCB-4AF2-B239-95ED21D6E5F1}.Debug|x86.ActiveCfg = Debug|x86
		{3DBE29C5-8DCB-4AF2-B239-95ED21D6E5F1}.Debug|x86.Build.0 = Debug|x86
		{3DBE29C5-8DCB-4AF2-B239-95ED21D6E5F1}.Debug|x86.Deploy.0 = Debug|x86
		{3DBE29C5-8DCB-4AF2-B239-95ED21D6E5F1}.Release|Any CPU.ActiveCfg = Release|x86
		{3DBE29C5-8DCB-4AF2-B239-95ED21D6E5F1}.Release|ARM.ActiveCfg = Release|ARM
		{3DBE29C5-8DCB-4AF2-B239-95ED21D6E5F1}.Release|ARM.Build.0 = Release|ARM
		{3DBE29C5-8DCB-4AF2-B239-95ED21D6E5F1}.Release|ARM.Deploy.0 = Release|ARM
		{3DBE29C5-8DCB-4AF2-B239-95ED21D6E5F1}.Release|x64.ActiveCfg = Release|x64
		{3DBE29C5-8DCB-4AF2-B239-95ED21D6E5F1}.Release|x64.Build.0 = Release|x64
		{3DBE29C5-8DCB-4AF2-B239-95ED21D6E5F1}.Release|x64.Deploy.0 = Release|x64
		{3DBE29C5-8DCB-4AF2-B239-95ED21D6E5F1}.Release|x86.ActiveCfg = Release|x86
		{3DBE29C5-8DCB-4AF2-B239-95ED21D6E5F1}.Release|x86.Build.0 = Release|x86
		{3DBE29C5-8DCB-4AF2-B239-95ED21D6E5F1}.Release|x86.Deploy.0 = Release|x86
	EndGlobalSection
	GlobalSection(SolutionProperties) = preSolution
		HideSolutionNode = FALSE
	EndGlobalSection
EndGlobal
